
Microsoft Visual Studio Solution File, Format Version 12.00
# Visual Studio Version 17
VisualStudioVersion = 17.2.32630.192
MinimumVisualStudioVersion = 10.0.40219.1
Project("{FAE04EC0-301F-11D3-BF4B-00C04F79EFBC}") = "FactoryMethod", "FactoryMethod\FactoryMethod.csproj", "{F155CEE6-1640-43F2-A5F9-54887AAE83B6}"
EndProject
Global
	GlobalSection(SolutionConfigurationPlatforms) = preSolution
		Debug|Any CPU = Debug|Any CPU
		Release|Any CPU = Release|Any CPU
	EndGlobalSection
	GlobalSection(ProjectConfigurationPlatforms) = postSolution
		{F155CEE6-1640-43F2-A5F9-54887AAE83B6}.Debug|Any CPU.ActiveCfg = Debug|Any CPU
		{F155CEE6-1640-43F2-A5F9-54887AAE83B6}.Debug|Any CPU.Build.0 = Debug|Any CPU
		{F155CEE6-1640-43F2-A5F9-54887AAE83B6}.Release|Any CPU.ActiveCfg = Release|Any CPU
		{F155CEE6-1640-43F2-A5F9-54887AAE83B6}.Release|Any CPU.Build.0 = Release|Any CPU
	EndGlobalSection
	GlobalSection(SolutionProperties) = preSolution
		HideSolutionNode = FALSE
	EndGlobalSection
	GlobalSection(ExtensibilityGlobals) = postSolution
		SolutionGuid = {EB098BAE-EF35-4503-96C7-806923B29BD0}
	EndGlobalSection
EndGlobal
